<?xml version="1.0" encoding="UTF-8" standalone="yes" ?>
<CodeBlocks_project_file>
	<FileVersion major="1" minor="6" />
	<Project>
		<Option title="muposys-core-v1" />
		<Option pch_mode="2" />
		<Option compiler="gcc" />
		<Build>
			<Target title="Debug">
				<Option output="bin/Debug/muposys-core" prefix_auto="1" extension_auto="1" />
				<Option object_output="obj/Debug/" />
				<Option type="1" />
				<Option compiler="gcc" />
				<Compiler>
					<Add option="-g" />
					<Add option="`pkg-config cunit --cflags`" />
				</Compiler>
				<Linker>
					<Add option="`pkg-config cunit --libs`" />
					<Add library="cave-mmsql-0" />
					<Add directory="../../cave/bin/Debug" />
				</Linker>
			</Target>
			<Target title="Release">
				<Option output="bin/Release/muposys-core" prefix_auto="1" extension_auto="1" />
				<Option object_output="obj/Release/" />
				<Option type="1" />
				<Option compiler="gcc" />
				<Compiler>
					<Add option="-O2" />
				</Compiler>
				<Linker>
					<Add option="-s" />
				</Linker>
			</Target>
			<Target title="libmuposys-core-dbg">
				<Option output="bin/Debug/libmuposys-core-1.so" imp_lib="$(TARGET_OUTPUT_DIR)$(TARGET_OUTPUT_BASENAME).a" def_file="$(TARGET_OUTPUT_DIR)$(TARGET_OUTPUT_BASENAME).def" prefix_auto="0" extension_auto="0" />
				<Option object_output="bin/obj/Debug/" />
				<Option type="3" />
				<Option compiler="gcc" />
				<Compiler>
					<Add option="-fPIC -g" />
				</Compiler>
				<Linker>
					<Add library="cave-mmsql-0" />
					<Add directory="../../cave/bin/Debug" />
				</Linker>
			</Target>
			<Target title="libmuposys-core">
				<Option output="bin/Release/muposys-core-1" imp_lib="$(TARGET_OUTPUT_DIR)$(TARGET_OUTPUT_BASENAME).a" def_file="$(TARGET_OUTPUT_DIR)$(TARGET_OUTPUT_BASENAME).def" prefix_auto="1" extension_auto="1" />
				<Option object_output="bin/obj/Release/" />
				<Option type="3" />
				<Option compiler="gcc" />
				<Compiler>
					<Add option="-O2 -fPIC" />
				</Compiler>
				<Linker>
					<Add library="cave-mmsql-0" />
					<Add directory="../../cave/bin/Release" />
				</Linker>
			</Target>
		</Build>
		<Compiler>
			<Add option="-Wall -std=c++23 `pkg-config libconfig++ --libs` `pkg-config libmariadb libmariadb --cflags`" />
			<Add option="-DMUPOSYS_CORE_V1_TDD" />
			<Add directory="../../../octetos" />
		</Compiler>
		<Linker>
			<Add option="`pkg-config libconfig++ --libs` `pkg-config libmariadb --libs`" />
			<Add library="cave-mmsql-0" />
			<Add library="cave-mmsql-1" />
			<Add directory="../../core/bin/Debug" />
			<Add directory="../../cave/bin/Debug" />
		</Linker>
		<Unit filename="1/core.cc" />
		<Unit filename="1/core.hh" />
		<Unit filename="tests/main.cc">
			<Option target="Debug" />
			<Option target="Release" />
		</Unit>
		<Unit filename="tests/v1.cc">
			<Option target="Debug" />
			<Option target="Release" />
		</Unit>
		<Unit filename="tests/v1.hh">
			<Option target="Debug" />
			<Option target="Release" />
		</Unit>
		<Extensions>
			<lib_finder disable_auto="1" />
		</Extensions>
	</Project>
</CodeBlocks_project_file>
