<?xml version="1.0" encoding="UTF-8" standalone="yes" ?>
<CodeBlocks_project_file>
	<FileVersion major="1" minor="6" />
	<Project>
		<Option title="muposys-core" />
		<Option pch_mode="2" />
		<Option default_target="load-db-dbg" />
		<Option compiler="msys2_x86_64_gcc" />
		<Build>
			<Target title="Debug">
				<Option output="bin/Debug/muposys-core" imp_lib="$(TARGET_OUTPUT_DIR)$(TARGET_OUTPUT_BASENAME).a" def_file="$(TARGET_OUTPUT_DIR)$(TARGET_OUTPUT_BASENAME).def" prefix_auto="1" extension_auto="1" />
				<Option object_output="obj/Debug/" />
				<Option type="3" />
				<Option compiler="msys2_x86_64_gcc" />
				<Compiler>
					<Add option="-g" />
					<Add option="-DOCTETOS_DB_MEDIUMWORD" />
					<Add option="-DMSYS2" />
					<Add directory="../../../octetos" />
				</Compiler>
				<Linker>
					<Add library="octetos-core" />
					<Add library="octetos-db-abstract" />
					<Add library="octetos-db-maria" />
					<Add directory="../../core/bin/Debug" />
					<Add directory="../../db-abstract/bin/Debug" />
					<Add directory="../../db-maria/bin/Debug" />
				</Linker>
			</Target>
			<Target title="Release">
				<Option output="bin/Release/muposys-core" imp_lib="$(TARGET_OUTPUT_DIR)$(TARGET_OUTPUT_BASENAME).a" def_file="$(TARGET_OUTPUT_DIR)$(TARGET_OUTPUT_BASENAME).def" prefix_auto="1" extension_auto="1" />
				<Option object_output="obj/Release/" />
				<Option type="3" />
				<Option compiler="msys2_x86_64_gcc" />
				<Compiler>
					<Add option="-O2" />
					<Add option="-DOCTETOS_DB_MEDIUMWORD" />
					<Add option="-DMSYS2" />
					<Add directory="../../core/src" />
					<Add directory="../../db-abstract/src" />
					<Add directory="../../db-maria/src" />
				</Compiler>
				<Linker>
					<Add option="-O2" />
					<Add library="octetos-core" />
					<Add library="octetos-db-maria" />
					<Add library="octetos-db-abstract" />
					<Add directory="../../core/bin/Release" />
					<Add directory="../../db-abstract/bin/Release" />
					<Add directory="../../db-maria/bin/Release" />
				</Linker>
			</Target>
			<Target title="libmuopsys-core-dbg">
				<Option output="bin/Debug/muposys-core" imp_lib="$(TARGET_OUTPUT_DIR)$(TARGET_OUTPUT_BASENAME).a" def_file="$(TARGET_OUTPUT_DIR)$(TARGET_OUTPUT_BASENAME).def" prefix_auto="1" extension_auto="1" />
				<Option object_output="obj/Debug/" />
				<Option type="3" />
				<Option compiler="msys2_x86_64_gcc" />
				<Compiler>
					<Add option="-g" />
					<Add option="-DOCTETOS_DB_MEDIUMWORD" />
					<Add option="-DMSYS2" />
					<Add directory="../../../octetos" />
				</Compiler>
				<Linker>
					<Add library="octetos-core" />
					<Add library="octetos-db-abstract" />
					<Add library="octetos-db-maria" />
					<Add directory="../../core/bin/Debug" />
					<Add directory="../../db-abstract/bin/Debug" />
					<Add directory="../../db-maria/bin/Debug" />
				</Linker>
			</Target>
			<Target title="load-db-dbg">
				<Option output="bin/Debug/load-db.exe" prefix_auto="0" extension_auto="0" />
				<Option object_output="obj/Debug/" />
				<Option type="1" />
				<Option compiler="msys2_x86_64_gcc" />
				<Option parameters="--repository C:\Users\Azael\Documents\develop\octetos\muposys\db\beta\mariadb --package muposys-full.mpk --password 4dm1nK3y --muposys-password 123456" />
				<Compiler>
					<Add option="-g" />
					<Add option="-DMSYS2" />
					<Add option="-DOCTETOS_DB_MEDIUMWORD" />
					<Add option="-DDATABASE_ENGINE_MARIA" />
					<Add directory="../../../octetos" />
				</Compiler>
				<Linker>
					<Add library="octetos-core" />
					<Add library="octetos-db-abstract" />
					<Add library="octetos-db-maria" />
					<Add directory="../../core/bin/Debug" />
					<Add directory="../../db-abstract/bin/Debug" />
					<Add directory="../../db-maria/bin/Debug" />
				</Linker>
			</Target>
		</Build>
		<Compiler>
			<Add option="-Wall" />
		</Compiler>
		<Unit filename="bin/muposysdb.cpp">
			<Option target="Debug" />
			<Option target="Release" />
			<Option target="libmuopsys-core-dbg" />
		</Unit>
		<Unit filename="bin/muposysdb.hpp">
			<Option target="Debug" />
			<Option target="Release" />
			<Option target="libmuopsys-core-dbg" />
		</Unit>
		<Unit filename="src/Exception.cc">
			<Option target="Debug" />
			<Option target="Release" />
			<Option target="libmuopsys-core-dbg" />
		</Unit>
		<Unit filename="src/Exception.hh">
			<Option target="Debug" />
			<Option target="Release" />
			<Option target="libmuopsys-core-dbg" />
		</Unit>
		<Unit filename="src/apidb.hh">
			<Option target="Debug" />
			<Option target="Release" />
			<Option target="libmuopsys-core-dbg" />
		</Unit>
		<Unit filename="src/core.hh">
			<Option target="Debug" />
			<Option target="Release" />
			<Option target="libmuopsys-core-dbg" />
		</Unit>
		<Unit filename="src/main-load-db.cc">
			<Option target="load-db-dbg" />
		</Unit>
		<Unit filename="version.h" />
		<Extensions>
			<AutoVersioning>
				<Scheme minor_max="10" build_max="0" rev_max="0" rev_rand_max="10" build_times_to_increment_minor="100" />
				<Settings autoincrement="1" date_declarations="1" use_define="0" update_manifest="0" do_auto_increment="0" ask_to_increment="0" language="C++" svn="0" svn_directory="" header_path="version.h" />
				<Changes_Log show_changes_editor="0" app_title="released version %M.%m.%b of %p" changeslog_path="ChangesLog.txt" />
				<Code header_guard="VERSION_H" namespace="AutoVersion" prefix="" />
			</AutoVersioning>
			<lib_finder disable_auto="1" />
		</Extensions>
	</Project>
</CodeBlocks_project_file>
