<?xml version="1.0" encoding="UTF-8" standalone="yes" ?>
<CodeBlocks_project_file>
	<FileVersion major="1" minor="6" />
	<Project>
		<Option title="muposys-desk" />
		<Option pch_mode="2" />
		<Option compiler="gcc" />
		<Build>
			<Target title="Debug">
				<Option output="bin/Debug/muposys-desk" prefix_auto="1" extension_auto="1" />
				<Option object_output="obj/Debug/" />
				<Option type="1" />
				<Option compiler="gcc" />
				<Compiler>
					<Add option="-g" />
				</Compiler>
			</Target>
			<Target title="Release">
				<Option output="bin/Release/muposys-desk" prefix_auto="1" extension_auto="1" />
				<Option object_output="obj/Release/" />
				<Option type="1" />
				<Option compiler="gcc" />
				<Compiler>
					<Add option="-O2" />
				</Compiler>
				<Linker>
					<Add option="-s" />
				</Linker>
			</Target>
			<Target title="libmuposys-desk-v1-dbg">
				<Option output="bin/Debug/muposys-desk" imp_lib="$(TARGET_OUTPUT_DIR)$(TARGET_OUTPUT_BASENAME).a" def_file="$(TARGET_OUTPUT_DIR)$(TARGET_OUTPUT_BASENAME).def" prefix_auto="1" extension_auto="1" />
				<Option object_output="bin/obj/Debug/" />
				<Option type="3" />
				<Option compiler="gcc" />
				<Compiler>
					<Add option="-g" />
				</Compiler>
			</Target>
			<Target title="muposys-desk-v1-dbg">
				<Option output="bin/Debug/muposys-desk" prefix_auto="1" extension_auto="1" />
				<Option object_output="bin/obj/Debug/" />
				<Option type="0" />
				<Option compiler="gcc" />
				<Compiler>
					<Add option="-g" />
				</Compiler>
				<Linker>
					<Add library="muposys-desk" />
				</Linker>
			</Target>
			<Target title="muposys-desk-v1-devel-dbg">
				<Option output="bin/Debug/muposys-desk" prefix_auto="1" extension_auto="1" />
				<Option object_output="bin/obj/Debug/" />
				<Option type="1" />
				<Option compiler="gcc" />
				<Compiler>
					<Add option="-g" />
				</Compiler>
				<Linker>
					<Add library="muposys-desk" />
				</Linker>
			</Target>
		</Build>
		<Compiler>
			<Add option="-Wall -std=c++20 `pkg-config --cflags gtkmm-4.0 ` `pkg-config --cflags libmariadb`" />
			<Add option="-DOCTETOS_CAVE_DRIVER=maria" />
			<Add option="-DMUPOSYS_DESK_ENABLE_TDD" />
			<Add directory="../../../octetos" />
		</Compiler>
		<Linker>
			<Add option="`pkg-config gtkmm-4.0 --libs` `pkg-config --libs libmariadb`" />
			<Add library="octetos-cave-mmsql" />
			<Add directory="bin/Debug" />
			<Add directory="../../cave/bin/Debug" />
		</Linker>
		<ExtraCommands>
			<Add before='cmd /c copy &quot;..\..\core\$(TARGET_OUTPUT_DIR)\octetos-core.dll&quot; &quot;$(TARGET_OUTPUT_DIR)&quot;' />
		</ExtraCommands>
		<Unit filename="src/TableSaling-v1.cc">
			<Option target="libmuposys-desk-v1-dbg" />
			<Option target="muposys-desk-v1-devel-dbg" />
		</Unit>
		<Unit filename="src/TableSaling-v1.hh">
			<Option target="libmuposys-desk-v1-dbg" />
			<Option target="muposys-desk-v1-devel-dbg" />
		</Unit>
		<Unit filename="src/desk-main-devel-v1.cc">
			<Option target="muposys-desk-v1-devel-dbg" />
		</Unit>
		<Unit filename="src/desk-main-v1.cc">
			<Option target="muposys-desk-v1-dbg" />
		</Unit>
		<Unit filename="src/desk-v1.cc">
			<Option target="libmuposys-desk-v1-dbg" />
			<Option target="muposys-desk-v1-devel-dbg" />
		</Unit>
		<Unit filename="src/desk-v1.hh">
			<Option target="libmuposys-desk-v1-dbg" />
			<Option target="muposys-desk-v1-devel-dbg" />
		</Unit>
		<Unit filename="src/ds-v1.hh">
			<Option target="libmuposys-desk-v1-dbg" />
			<Option target="muposys-desk-v1-devel-dbg" />
		</Unit>
		<Unit filename="src/splash-v1.cc">
			<Option target="muposys-desk-v1-dbg" />
			<Option target="muposys-desk-v1-devel-dbg" />
		</Unit>
		<Unit filename="src/splash-v1.hh">
			<Option target="muposys-desk-v1-dbg" />
			<Option target="muposys-desk-v1-devel-dbg" />
		</Unit>
		<Extensions>
			<lib_finder disable_auto="1" />
		</Extensions>
	</Project>
</CodeBlocks_project_file>
