<?xml version="1.0" encoding="UTF-8" standalone="yes" ?>
<CodeBlocks_project_file>
	<FileVersion major="1" minor="6" />
	<Project>
		<Option title="muposys-desk" />
		<Option pch_mode="2" />
		<Option compiler="msys2_x86_64_gcc" />
		<Build>
			<Target title="libmuposys-desk-dbg">
				<Option output="bin/Debug/muposys-desk" imp_lib="$(TARGET_OUTPUT_DIR)$(TARGET_OUTPUT_BASENAME).a" def_file="$(TARGET_OUTPUT_DIR)$(TARGET_OUTPUT_BASENAME).def" prefix_auto="1" extension_auto="1" />
				<Option object_output="obj/Debug/" />
				<Option type="3" />
				<Option compiler="msys2_x86_64_gcc" />
				<Compiler>
					<Add option="`pkg-config  --cflags gtkmm-3.0`" />
					<Add option="-DMSYS2" />
					<Add option="-DOCTETOS_DB_MEDIUMWORD" />
					<Add option="-DDATABASE_ENGINE_MARIA" />
				</Compiler>
				<Linker>
					<Add library="octetos-core" />
					<Add library="octetos-db-abstract" />
					<Add library="octetos-db-maria" />
					<Add library="muposys-core" />
					<Add directory="../../db-abstract/bin/Debug" />
					<Add directory="../../db-maria/bin/Debug" />
					<Add directory="../core/bin/Debug" />
					<Add directory="../../core/bin/Debug" />
				</Linker>
			</Target>
			<Target title="muposys-desk-dbg">
				<Option output="bin/Debug/muposys-desk" prefix_auto="1" extension_auto="1" />
				<Option object_output="bin/Debug/" />
				<Option type="0" />
				<Option compiler="msys2_x86_64_gcc" />
				<Compiler>
					<Add option="-DMSYS2" />
					<Add option="-DOCTETOS_DB_MEDIUMWORD" />
					<Add option="-DDATABASE_ENGINE_MARIA" />
				</Compiler>
				<Linker>
					<Add library="octetos-core" />
					<Add library="octetos-db-abstract" />
					<Add library="octetos-db-maria" />
					<Add library="muposys-core" />
					<Add library="muposys-desk" />
					<Add directory="../../core/bin/Debug" />
					<Add directory="../../db-abstract/bin/Debug" />
					<Add directory="../../db-maria/bin/Debug" />
					<Add directory="../core/bin/Debug" />
					<Add directory="bin/Debug" />
				</Linker>
			</Target>
		</Build>
		<Compiler>
			<Add option="-Wall" />
			<Add directory="../../../octetos" />
		</Compiler>
		<Linker>
			<Add option="`pkg-config gtkmm-3.0 --libs`" />
		</Linker>
		<Unit filename="src/TableSaling.cc">
			<Option target="libmuposys-desk-dbg" />
		</Unit>
		<Unit filename="src/TableSaling.hh">
			<Option target="libmuposys-desk-dbg" />
		</Unit>
		<Unit filename="src/config-cb.h">
			<Option target="libmuposys-desk-dbg" />
		</Unit>
		<Unit filename="src/desk-main.cc">
			<Option target="muposys-desk-dbg" />
		</Unit>
		<Unit filename="src/desk.cc">
			<Option target="libmuposys-desk-dbg" />
		</Unit>
		<Unit filename="src/desk.hh">
			<Option target="libmuposys-desk-dbg" />
		</Unit>
		<Extensions>
			<lib_finder>
				<lib name="gtkmm-3.0" />
			</lib_finder>
		</Extensions>
	</Project>
</CodeBlocks_project_file>
