
Microsoft Visual Studio Solution File, Format Version 12.00
# Visual Studio Version 17
VisualStudioVersion = 17.10.35013.160
MinimumVisualStudioVersion = 10.0.40219.1
Project("{FAE04EC0-301F-11D3-BF4B-00C04F79EFBC}") = "check-asp", "check-asp.csproj", "{6C220DE3-0D37-4FB7-ADCD-97DD38C4A07A}"
EndProject
Global
	GlobalSection(SolutionConfigurationPlatforms) = preSolution
		Debug|Any CPU = Debug|Any CPU
		Release|Any CPU = Release|Any CPU
	EndGlobalSection
	GlobalSection(ProjectConfigurationPlatforms) = postSolution
		{6C220DE3-0D37-4FB7-ADCD-97DD38C4A07A}.Debug|Any CPU.ActiveCfg = Debug|Any CPU
		{6C220DE3-0D37-4FB7-ADCD-97DD38C4A07A}.Debug|Any CPU.Build.0 = Debug|Any CPU
		{6C220DE3-0D37-4FB7-ADCD-97DD38C4A07A}.Release|Any CPU.ActiveCfg = Release|Any CPU
		{6C220DE3-0D37-4FB7-ADCD-97DD38C4A07A}.Release|Any CPU.Build.0 = Release|Any CPU
	EndGlobalSection
	GlobalSection(SolutionProperties) = preSolution
		HideSolutionNode = FALSE
	EndGlobalSection
	GlobalSection(ExtensibilityGlobals) = postSolution
		SolutionGuid = {BFD58F49-05D1-4D91-AA65-D8D42BCA3530}
	EndGlobalSection
EndGlobal
